
Microsoft Visual Studio Solution File, Format Version 12.00
# Visual Studio Version 17
VisualStudioVersion = 17.4.33213.308
MinimumVisualStudioVersion = 10.0.40219.1
Project("{54A90642-561A-4BB1-A94E-469ADEE60C69}") = "reactproject3", "reactproject3.esproj", "{2E42CA9F-C7AD-436F-8029-BD5691C0FAA3}"
EndProject
Global
	GlobalSection(SolutionConfigurationPlatforms) = preSolution
		Debug|Any CPU = Debug|Any CPU
		Release|Any CPU = Release|Any CPU
	EndGlobalSection
	GlobalSection(ProjectConfigurationPlatforms) = postSolution
		{2E42CA9F-C7AD-436F-8029-BD5691C0FAA3}.Debug|Any CPU.ActiveCfg = Debug|Any CPU
		{2E42CA9F-C7AD-436F-8029-BD5691C0FAA3}.Debug|Any CPU.Build.0 = Debug|Any CPU
		{2E42CA9F-C7AD-436F-8029-BD5691C0FAA3}.Debug|Any CPU.Deploy.0 = Debug|Any CPU
		{2E42CA9F-C7AD-436F-8029-BD5691C0FAA3}.Release|Any CPU.ActiveCfg = Release|Any CPU
		{2E42CA9F-C7AD-436F-8029-BD5691C0FAA3}.Release|Any CPU.Build.0 = Release|Any CPU
		{2E42CA9F-C7AD-436F-8029-BD5691C0FAA3}.Release|Any CPU.Deploy.0 = Release|Any CPU
	EndGlobalSection
	GlobalSection(SolutionProperties) = preSolution
		HideSolutionNode = FALSE
	EndGlobalSection
	GlobalSection(ExtensibilityGlobals) = postSolution
		SolutionGuid = {1541FCA9-EF14-4768-8B4F-D120D2AEF198}
	EndGlobalSection
EndGlobal
